
Microsoft Visual Studio Solution File, Format Version 12.00
# Visual Studio 15
VisualStudioVersion = 15.0.27703.2047
MinimumVisualStudioVersion = 10.0.40219.1
Project("{9A19103F-16F7-4668-BE54-9A1E7A4F7556}") = "ProgrammingInterviewExposed", "ProgrammingInterviewExposed\ProgrammingInterviewExposed.csproj", "{DE410A4E-D9B9-4312-83AB-EE4166395D43}"
EndProject
Global
	GlobalSection(SolutionConfigurationPlatforms) = preSolution
		Debug|Any CPU = Debug|Any CPU
		Release|Any CPU = Release|Any CPU
	EndGlobalSection
	GlobalSection(ProjectConfigurationPlatforms) = postSolution
		{DE410A4E-D9B9-4312-83AB-EE4166395D43}.Debug|Any CPU.ActiveCfg = Debug|Any CPU
		{DE410A4E-D9B9-4312-83AB-EE4166395D43}.Debug|Any CPU.Build.0 = Debug|Any CPU
		{DE410A4E-D9B9-4312-83AB-EE4166395D43}.Release|Any CPU.ActiveCfg = Release|Any CPU
		{DE410A4E-D9B9-4312-83AB-EE4166395D43}.Release|Any CPU.Build.0 = Release|Any CPU
	EndGlobalSection
	GlobalSection(SolutionProperties) = preSolution
		HideSolutionNode = FALSE
	EndGlobalSection
	GlobalSection(ExtensibilityGlobals) = postSolution
		SolutionGuid = {14594A60-38BB-4FF2-B302-3C2CAD915500}
	EndGlobalSection
EndGlobal
